
Microsoft Visual Studio Solution File, Format Version 12.00
# Visual Studio Version 17
VisualStudioVersion = 17.5.33502.453
MinimumVisualStudioVersion = 10.0.40219.1
Project("{FAE04EC0-301F-11D3-BF4B-00C04F79EFBC}") = "Week5LogicalOperators", "Week5LogicalOperators\Week5LogicalOperators.csproj", "{BAAADEE5-E50C-4744-8D0C-3898D2EFED5D}"
EndProject
Project("{FAE04EC0-301F-11D3-BF4B-00C04F79EFBC}") = "AND", "AND\AND.csproj", "{2E8E6CE5-CA36-4851-863E-65CFF7FD4011}"
EndProject
Project("{FAE04EC0-301F-11D3-BF4B-00C04F79EFBC}") = "AndOperator", "AndOperator\AndOperator.csproj", "{312A186C-CFE6-4456-BE18-7D31110E2AD1}"
EndProject
Project("{FAE04EC0-301F-11D3-BF4B-00C04F79EFBC}") = "OrOperator", "OrOperator\OrOperator.csproj", "{D2768035-5C19-40F8-8A22-27E4BBF632E0}"
EndProject
Project("{FAE04EC0-301F-11D3-BF4B-00C04F79EFBC}") = "Test", "Test\Test.csproj", "{C61FA13A-8032-4962-A347-5C3204E51493}"
EndProject
Global
	GlobalSection(SolutionConfigurationPlatforms) = preSolution
		Debug|Any CPU = Debug|Any CPU
		Release|Any CPU = Release|Any CPU
	EndGlobalSection
	GlobalSection(ProjectConfigurationPlatforms) = postSolution
		{BAAADEE5-E50C-4744-8D0C-3898D2EFED5D}.Debug|Any CPU.ActiveCfg = Debug|Any CPU
		{BAAADEE5-E50C-4744-8D0C-3898D2EFED5D}.Debug|Any CPU.Build.0 = Debug|Any CPU
		{BAAADEE5-E50C-4744-8D0C-3898D2EFED5D}.Release|Any CPU.ActiveCfg = Release|Any CPU
		{BAAADEE5-E50C-4744-8D0C-3898D2EFED5D}.Release|Any CPU.Build.0 = Release|Any CPU
		{2E8E6CE5-CA36-4851-863E-65CFF7FD4011}.Debug|Any CPU.ActiveCfg = Debug|Any CPU
		{2E8E6CE5-CA36-4851-863E-65CFF7FD4011}.Debug|Any CPU.Build.0 = Debug|Any CPU
		{2E8E6CE5-CA36-4851-863E-65CFF7FD4011}.Release|Any CPU.ActiveCfg = Release|Any CPU
		{2E8E6CE5-CA36-4851-863E-65CFF7FD4011}.Release|Any CPU.Build.0 = Release|Any CPU
		{312A186C-CFE6-4456-BE18-7D31110E2AD1}.Debug|Any CPU.ActiveCfg = Debug|Any CPU
		{312A186C-CFE6-4456-BE18-7D31110E2AD1}.Debug|Any CPU.Build.0 = Debug|Any CPU
		{312A186C-CFE6-4456-BE18-7D31110E2AD1}.Release|Any CPU.ActiveCfg = Release|Any CPU
		{312A186C-CFE6-4456-BE18-7D31110E2AD1}.Release|Any CPU.Build.0 = Release|Any CPU
		{D2768035-5C19-40F8-8A22-27E4BBF632E0}.Debug|Any CPU.ActiveCfg = Debug|Any CPU
		{D2768035-5C19-40F8-8A22-27E4BBF632E0}.Debug|Any CPU.Build.0 = Debug|Any CPU
		{D2768035-5C19-40F8-8A22-27E4BBF632E0}.Release|Any CPU.ActiveCfg = Release|Any CPU
		{D2768035-5C19-40F8-8A22-27E4BBF632E0}.Release|Any CPU.Build.0 = Release|Any CPU
		{C61FA13A-8032-4962-A347-5C3204E51493}.Debug|Any CPU.ActiveCfg = Debug|Any CPU
		{C61FA13A-8032-4962-A347-5C3204E51493}.Debug|Any CPU.Build.0 = Debug|Any CPU
		{C61FA13A-8032-4962-A347-5C3204E51493}.Release|Any CPU.ActiveCfg = Release|Any CPU
		{C61FA13A-8032-4962-A347-5C3204E51493}.Release|Any CPU.Build.0 = Release|Any CPU
	EndGlobalSection
	GlobalSection(SolutionProperties) = preSolution
		HideSolutionNode = FALSE
	EndGlobalSection
	GlobalSection(ExtensibilityGlobals) = postSolution
		SolutionGuid = {F63DA000-2231-4C59-B451-9C87A1A124A5}
	EndGlobalSection
EndGlobal
